
Microsoft Visual Studio Solution File, Format Version 12.00
# Visual Studio Version 17
VisualStudioVersion = 17.5.33516.290
MinimumVisualStudioVersion = 10.0.40219.1
Project("{9A19103F-16F7-4668-BE54-9A1E7A4F7556}") = "EasyInject.NET", "EasyInject.NET\EasyInject.NET.csproj", "{AC559342-1ADE-48BB-921D-E866F9B376FC}"
EndProject
Project("{9A19103F-16F7-4668-BE54-9A1E7A4F7556}") = "EasyInject.NET.Attributes", "EasyInject.NET.Attributes\EasyInject.NET.Attributes.csproj", "{7A421859-F6CD-4D6B-ABD1-DD6A1FB65421}"
EndProject
Global
	GlobalSection(SolutionConfigurationPlatforms) = preSolution
		Debug|Any CPU = Debug|Any CPU
		Release|Any CPU = Release|Any CPU
	EndGlobalSection
	GlobalSection(ProjectConfigurationPlatforms) = postSolution
		{AC559342-1ADE-48BB-921D-E866F9B376FC}.Debug|Any CPU.ActiveCfg = Debug|Any CPU
		{AC559342-1ADE-48BB-921D-E866F9B376FC}.Debug|Any CPU.Build.0 = Debug|Any CPU
		{AC559342-1ADE-48BB-921D-E866F9B376FC}.Release|Any CPU.ActiveCfg = Release|Any CPU
		{AC559342-1ADE-48BB-921D-E866F9B376FC}.Release|Any CPU.Build.0 = Release|Any CPU
		{7A421859-F6CD-4D6B-ABD1-DD6A1FB65421}.Debug|Any CPU.ActiveCfg = Debug|Any CPU
		{7A421859-F6CD-4D6B-ABD1-DD6A1FB65421}.Debug|Any CPU.Build.0 = Debug|Any CPU
		{7A421859-F6CD-4D6B-ABD1-DD6A1FB65421}.Release|Any CPU.ActiveCfg = Release|Any CPU
		{7A421859-F6CD-4D6B-ABD1-DD6A1FB65421}.Release|Any CPU.Build.0 = Release|Any CPU
	EndGlobalSection
	GlobalSection(SolutionProperties) = preSolution
		HideSolutionNode = FALSE
	EndGlobalSection
	GlobalSection(ExtensibilityGlobals) = postSolution
		SolutionGuid = {8566CED9-21CE-463F-854E-48F0EFBE97FB}
	EndGlobalSection
EndGlobal
